
Microsoft Visual Studio Solution File, Format Version 12.00
# Visual Studio 15
VisualStudioVersion = 15.0.27004.2009
MinimumVisualStudioVersion = 10.0.40219.1
Project("{FAE04EC0-301F-11D3-BF4B-00C04F79EFBC}") = "CashBoardAutomation", "CashBoardAutomation\CashBoardAutomation.csproj", "{2DCC150B-05EF-468C-882C-63C0BAB613B4}"
EndProject
Project("{FAE04EC0-301F-11D3-BF4B-00C04F79EFBC}") = "CashBoardTests", "CashBoardTests\CashBoardTests.csproj", "{FB15F1A2-523D-4AF9-893C-9DF982034CCF}"
EndProject
Global
	GlobalSection(SolutionConfigurationPlatforms) = preSolution
		Debug|Any CPU = Debug|Any CPU
		Release|Any CPU = Release|Any CPU
	EndGlobalSection
	GlobalSection(ProjectConfigurationPlatforms) = postSolution
		{2DCC150B-05EF-468C-882C-63C0BAB613B4}.Debug|Any CPU.ActiveCfg = Debug|Any CPU
		{2DCC150B-05EF-468C-882C-63C0BAB613B4}.Debug|Any CPU.Build.0 = Debug|Any CPU
		{2DCC150B-05EF-468C-882C-63C0BAB613B4}.Release|Any CPU.ActiveCfg = Release|Any CPU
		{2DCC150B-05EF-468C-882C-63C0BAB613B4}.Release|Any CPU.Build.0 = Release|Any CPU
		{FB15F1A2-523D-4AF9-893C-9DF982034CCF}.Debug|Any CPU.ActiveCfg = Debug|Any CPU
		{FB15F1A2-523D-4AF9-893C-9DF982034CCF}.Debug|Any CPU.Build.0 = Debug|Any CPU
		{FB15F1A2-523D-4AF9-893C-9DF982034CCF}.Release|Any CPU.ActiveCfg = Release|Any CPU
		{FB15F1A2-523D-4AF9-893C-9DF982034CCF}.Release|Any CPU.Build.0 = Release|Any CPU
	EndGlobalSection
	GlobalSection(SolutionProperties) = preSolution
		HideSolutionNode = FALSE
	EndGlobalSection
	GlobalSection(ExtensibilityGlobals) = postSolution
		SolutionGuid = {0AFB911C-6271-4290-9933-03107C184E40}
	EndGlobalSection
EndGlobal
